
Microsoft Visual Studio Solution File, Format Version 12.00
# Visual Studio Version 16
VisualStudioVersion = 16.0.31410.357
MinimumVisualStudioVersion = 10.0.40219.1
Project("{FAE04EC0-301F-11D3-BF4B-00C04F79EFBC}") = "WinFullRangeDisplay", "WinFullRangeDisplay\WinFullRangeDisplay.csproj", "{539AFA2D-E6F3-43E1-9E91-A0D8240AB5DC}"
EndProject
Global
	GlobalSection(SolutionConfigurationPlatforms) = preSolution
		Debug|Any CPU = Debug|Any CPU
		Release|Any CPU = Release|Any CPU
	EndGlobalSection
	GlobalSection(ProjectConfigurationPlatforms) = postSolution
		{539AFA2D-E6F3-43E1-9E91-A0D8240AB5DC}.Debug|Any CPU.ActiveCfg = Debug|Any CPU
		{539AFA2D-E6F3-43E1-9E91-A0D8240AB5DC}.Debug|Any CPU.Build.0 = Debug|Any CPU
		{539AFA2D-E6F3-43E1-9E91-A0D8240AB5DC}.Release|Any CPU.ActiveCfg = Release|Any CPU
		{539AFA2D-E6F3-43E1-9E91-A0D8240AB5DC}.Release|Any CPU.Build.0 = Release|Any CPU
	EndGlobalSection
	GlobalSection(SolutionProperties) = preSolution
		HideSolutionNode = FALSE
	EndGlobalSection
	GlobalSection(ExtensibilityGlobals) = postSolution
		SolutionGuid = {801DA86D-6A14-4FE1-8FA0-681883322B7D}
	EndGlobalSection
EndGlobal
